{
  "version": 4,
  "terraform_version": "1.9.3",
  "serial": 10,
  "lineage": "e51ef0e6-6f26-cabb-88aa-1615d5a84632",
  "outputs": {},
  "resources": [
    {
      "mode": "data",
      "type": "google_iam_policy",
      "name": "admin",
      "provider": "provider[\"registry.terraform.io/hashicorp/google\"]",
      "instances": [
        {
          "schema_version": 0,
          "attributes": {
            "audit_config": null,
            "binding": [
              {
                "condition": [],
                "members": [
                  "principal://iam.googleapis.com/locations/global/workforcePools/aad-demo-iam-pool/subject/dev1@daviddtessierhotmail.onmicrosoft.com"
                ],
                "role": "roles/storage.admin"
              }
            ],
            "id": "618250252",
            "policy_data": "{\"bindings\":[{\"members\":[\"principal://iam.googleapis.com/locations/global/workforcePools/aad-demo-iam-pool/subject/dev1@daviddtessierhotmail.onmicrosoft.com\"],\"role\":\"roles/storage.admin\"}]}"
          },
          "sensitive_attributes": []
        }
      ]
    },
    {
      "mode": "managed",
      "type": "google_folder",
      "name": "developers",
      "provider": "provider[\"registry.terraform.io/hashicorp/google\"]",
      "instances": [
        {
          "schema_version": 0,
          "attributes": {
            "create_time": "2024-08-01T19:24:55.350Z",
            "display_name": "Developers",
            "folder_id": "498961571351",
            "id": "folders/498961571351",
            "lifecycle_state": "ACTIVE",
            "name": "folders/498961571351",
            "parent": "organizations/722250801529",
            "timeouts": null
          },
          "sensitive_attributes": [],
          "private": "eyJlMmJmYjczMC1lY2FhLTExZTYtOGY4OC0zNDM2M2JjN2M0YzAiOnsiY3JlYXRlIjoyNDAwMDAwMDAwMDAsImRlbGV0ZSI6MjQwMDAwMDAwMDAwLCJyZWFkIjoyNDAwMDAwMDAwMDAsInVwZGF0ZSI6MjQwMDAwMDAwMDAwfX0="
        }
      ]
    },
    {
      "mode": "managed",
      "type": "google_folder_organization_policy",
      "name": "folder_policies_enforcement",
      "provider": "provider[\"registry.terraform.io/hashicorp/google\"]",
      "instances": [
        {
          "index_key": "compute.disableSerialPortAccess",
          "schema_version": 0,
          "attributes": {
            "boolean_policy": [
              {
                "enforced": true
              }
            ],
            "constraint": "constraints/compute.disableSerialPortAccess",
            "etag": "CJPCr7UGEKi1uIUC",
            "folder": "folders/498961571351",
            "id": "folders/498961571351/compute.disableSerialPortAccess",
            "list_policy": [],
            "restore_policy": [],
            "timeouts": null,
            "update_time": "2024-08-01T19:25:07.548281Z",
            "version": 0
          },
          "sensitive_attributes": [],
          "private": "eyJlMmJmYjczMC1lY2FhLTExZTYtOGY4OC0zNDM2M2JjN2M0YzAiOnsiY3JlYXRlIjoyNDAwMDAwMDAwMDAsImRlbGV0ZSI6MjQwMDAwMDAwMDAwLCJyZWFkIjoyNDAwMDAwMDAwMDAsInVwZGF0ZSI6MjQwMDAwMDAwMDAwfX0=",
          "dependencies": [
            "google_folder.developers"
          ]
        },
        {
          "index_key": "constraints/compute.skipDefaultNetworkCreation",
          "schema_version": 0,
          "attributes": {
            "boolean_policy": [
              {
                "enforced": true
              }
            ],
            "constraint": "constraints/compute.skipDefaultNetworkCreation",
            "etag": "CJTCr7UGEMCW8hY=",
            "folder": "folders/498961571351",
            "id": "folders/498961571351/constraints/compute.skipDefaultNetworkCreation",
            "list_policy": [],
            "restore_policy": [],
            "timeouts": null,
            "update_time": "2024-08-01T19:25:08.048008Z",
            "version": 0
          },
          "sensitive_attributes": [],
          "private": "eyJlMmJmYjczMC1lY2FhLTExZTYtOGY4OC0zNDM2M2JjN2M0YzAiOnsiY3JlYXRlIjoyNDAwMDAwMDAwMDAsImRlbGV0ZSI6MjQwMDAwMDAwMDAwLCJyZWFkIjoyNDAwMDAwMDAwMDAsInVwZGF0ZSI6MjQwMDAwMDAwMDAwfX0=",
          "dependencies": [
            "google_folder.developers"
          ]
        }
      ]
    },
    {
      "mode": "managed",
      "type": "google_project",
      "name": "my_project-in-a-folder",
      "provider": "provider[\"registry.terraform.io/hashicorp/google\"]",
      "instances": [
        {
          "schema_version": 1,
          "attributes": {
            "auto_create_network": true,
            "billing_account": "01DEF8-8171EB-9649FA",
            "effective_labels": {},
            "folder_id": "498961571351",
            "id": "projects/prj-demo-wrk-iam-18",
            "labels": {},
            "name": "Demo Workforce IAM Project",
            "number": "866320675970",
            "org_id": "",
            "project_id": "prj-demo-wrk-iam-18",
            "skip_delete": null,
            "terraform_labels": {},
            "timeouts": null
          },
          "sensitive_attributes": [],
          "private": "eyJlMmJmYjczMC1lY2FhLTExZTYtOGY4OC0zNDM2M2JjN2M0YzAiOnsiY3JlYXRlIjo2MDAwMDAwMDAwMDAsImRlbGV0ZSI6NjAwMDAwMDAwMDAwLCJyZWFkIjo2MDAwMDAwMDAwMDAsInVwZGF0ZSI6NjAwMDAwMDAwMDAwfSwic2NoZW1hX3ZlcnNpb24iOiIxIn0=",
          "dependencies": [
            "google_folder.developers",
            "random_integer.project_id"
          ]
        }
      ]
    },
    {
      "mode": "managed",
      "type": "google_project_iam_policy",
      "name": "project",
      "provider": "provider[\"registry.terraform.io/hashicorp/google\"]",
      "instances": [
        {
          "schema_version": 0,
          "attributes": {
            "etag": "BwYepGgC/8A=",
            "id": "projects/prj-demo-wrk-iam-18",
            "policy_data": "{\"bindings\":[{\"members\":[\"principal://iam.googleapis.com/locations/global/workforcePools/aad-demo-iam-pool/subject/dev1@daviddtessierhotmail.onmicrosoft.com\"],\"role\":\"roles/storage.admin\"}]}",
            "project": "projects/prj-demo-wrk-iam-18"
          },
          "sensitive_attributes": [],
          "private": "bnVsbA==",
          "dependencies": [
            "data.google_iam_policy.admin",
            "google_folder.developers",
            "google_project.my_project-in-a-folder",
            "random_integer.project_id"
          ]
        }
      ]
    },
    {
      "mode": "managed",
      "type": "random_integer",
      "name": "project_id",
      "provider": "provider[\"registry.terraform.io/hashicorp/random\"]",
      "instances": [
        {
          "schema_version": 0,
          "attributes": {
            "id": "18",
            "keepers": null,
            "max": 1000,
            "min": 1,
            "result": 18,
            "seed": null
          },
          "sensitive_attributes": []
        }
      ]
    }
  ],
  "check_results": null
}
