{
  "version": 4,
  "terraform_version": "1.9.3",
  "serial": 19,
  "lineage": "541d5da5-8686-1843-2ccf-cfd067d3cfd4",
  "outputs": {},
  "resources": [
    {
      "mode": "managed",
      "type": "google_folder",
      "name": "developers",
      "provider": "provider[\"registry.terraform.io/hashicorp/google\"]",
      "instances": [
        {
          "schema_version": 0,
          "attributes": {
            "create_time": "2024-08-13T10:32:20.626Z",
            "display_name": "Developers",
            "folder_id": "753743865905",
            "id": "folders/753743865905",
            "lifecycle_state": "ACTIVE",
            "name": "folders/753743865905",
            "parent": "organizations/722250801529",
            "timeouts": null
          },
          "sensitive_attributes": [],
          "private": "eyJlMmJmYjczMC1lY2FhLTExZTYtOGY4OC0zNDM2M2JjN2M0YzAiOnsiY3JlYXRlIjoyNDAwMDAwMDAwMDAsImRlbGV0ZSI6MjQwMDAwMDAwMDAwLCJyZWFkIjoyNDAwMDAwMDAwMDAsInVwZGF0ZSI6MjQwMDAwMDAwMDAwfX0="
        }
      ]
    },
    {
      "mode": "managed",
      "type": "google_folder_organization_policy",
      "name": "folder_policies_enforcement",
      "provider": "provider[\"registry.terraform.io/hashicorp/google\"]",
      "instances": [
        {
          "index_key": "compute.disableSerialPortAccess",
          "schema_version": 0,
          "attributes": {
            "boolean_policy": [
              {
                "enforced": true
              }
            ],
            "constraint": "constraints/compute.disableSerialPortAccess",
            "etag": "CMDs7LUGEPjsr8YD",
            "folder": "folders/753743865905",
            "id": "folders/753743865905/compute.disableSerialPortAccess",
            "list_policy": [],
            "restore_policy": [],
            "timeouts": null,
            "update_time": "2024-08-13T10:32:32.952891Z",
            "version": 0
          },
          "sensitive_attributes": [],
          "private": "eyJlMmJmYjczMC1lY2FhLTExZTYtOGY4OC0zNDM2M2JjN2M0YzAiOnsiY3JlYXRlIjoyNDAwMDAwMDAwMDAsImRlbGV0ZSI6MjQwMDAwMDAwMDAwLCJyZWFkIjoyNDAwMDAwMDAwMDAsInVwZGF0ZSI6MjQwMDAwMDAwMDAwfX0=",
          "dependencies": [
            "google_folder.developers"
          ]
        },
        {
          "index_key": "constraints/compute.skipDefaultNetworkCreation",
          "schema_version": 0,
          "attributes": {
            "boolean_policy": [
              {
                "enforced": true
              }
            ],
            "constraint": "constraints/compute.skipDefaultNetworkCreation",
            "etag": "CMDs7LUGEKDH9LsD",
            "folder": "folders/753743865905",
            "id": "folders/753743865905/constraints/compute.skipDefaultNetworkCreation",
            "list_policy": [],
            "restore_policy": [],
            "timeouts": null,
            "update_time": "2024-08-13T10:32:32.930948Z",
            "version": 0
          },
          "sensitive_attributes": [],
          "private": "eyJlMmJmYjczMC1lY2FhLTExZTYtOGY4OC0zNDM2M2JjN2M0YzAiOnsiY3JlYXRlIjoyNDAwMDAwMDAwMDAsImRlbGV0ZSI6MjQwMDAwMDAwMDAwLCJyZWFkIjoyNDAwMDAwMDAwMDAsInVwZGF0ZSI6MjQwMDAwMDAwMDAwfX0=",
          "dependencies": [
            "google_folder.developers"
          ]
        }
      ]
    },
    {
      "mode": "managed",
      "type": "google_iam_workload_identity_pool",
      "name": "workload_identity_pool",
      "provider": "provider[\"registry.terraform.io/hashicorp/google\"]",
      "instances": [
        {
          "schema_version": 0,
          "attributes": {
            "description": "Identity pool for automated test",
            "disabled": false,
            "display_name": "Dev Pool for CICD",
            "id": "projects/prj-demo-wrkld-iam-949/locations/global/workloadIdentityPools/gitlan-demo-wkld-iam-pool",
            "name": "projects/630342264864/locations/global/workloadIdentityPools/gitlan-demo-wkld-iam-pool",
            "project": "prj-demo-wrkld-iam-949",
            "state": "ACTIVE",
            "timeouts": null,
            "workload_identity_pool_id": "gitlan-demo-wkld-iam-pool"
          },
          "sensitive_attributes": [],
          "private": "eyJlMmJmYjczMC1lY2FhLTExZTYtOGY4OC0zNDM2M2JjN2M0YzAiOnsiY3JlYXRlIjoxMjAwMDAwMDAwMDAwLCJkZWxldGUiOjEyMDAwMDAwMDAwMDAsInVwZGF0ZSI6MTIwMDAwMDAwMDAwMH19",
          "dependencies": [
            "google_folder.developers",
            "google_project.my_project-in-a-folder",
            "random_integer.project_id"
          ]
        }
      ]
    },
    {
      "mode": "managed",
      "type": "google_iam_workload_identity_pool_provider",
      "name": "terraform_cloud_provider",
      "provider": "provider[\"registry.terraform.io/hashicorp/google\"]",
      "instances": [
        {
          "schema_version": 0,
          "attributes": {
            "attribute_condition": "assertion.terraform_organization_id=='DavidTessierTestingOrg' \u0026\u0026 assertion.terraform_workspace_id=='ws-uwYQGp5YegoG5JiW'",
            "attribute_mapping": {
              "attribute.tf_org": "assertion.terraform_organization_id",
              "google.subject": "assertion.terraform_workspace_d"
            },
            "aws": [],
            "description": "SAML 2.0 identity pool provider for automated test",
            "disabled": false,
            "display_name": "Terraform Cloud",
            "id": "projects/prj-demo-wrkld-iam-949/locations/global/workloadIdentityPools/gitlan-demo-wkld-iam-pool/providers/tfcloud-prvdr",
            "name": "projects/630342264864/locations/global/workloadIdentityPools/gitlan-demo-wkld-iam-pool/providers/tfcloud-prvdr",
            "oidc": [
              {
                "allowed_audiences": null,
                "issuer_uri": "https://app.terraform.io",
                "jwks_json": ""
              }
            ],
            "project": "prj-demo-wrkld-iam-949",
            "saml": [],
            "state": "ACTIVE",
            "timeouts": null,
            "workload_identity_pool_id": "gitlan-demo-wkld-iam-pool",
            "workload_identity_pool_provider_id": "tfcloud-prvdr"
          },
          "sensitive_attributes": [],
          "private": "eyJlMmJmYjczMC1lY2FhLTExZTYtOGY4OC0zNDM2M2JjN2M0YzAiOnsiY3JlYXRlIjoxMjAwMDAwMDAwMDAwLCJkZWxldGUiOjEyMDAwMDAwMDAwMDAsInVwZGF0ZSI6MTIwMDAwMDAwMDAwMH19",
          "dependencies": [
            "google_folder.developers",
            "google_iam_workload_identity_pool.workload_identity_pool",
            "google_project.my_project-in-a-folder",
            "random_integer.project_id"
          ]
        }
      ]
    },
    {
      "mode": "managed",
      "type": "google_project",
      "name": "my_project-in-a-folder",
      "provider": "provider[\"registry.terraform.io/hashicorp/google\"]",
      "instances": [
        {
          "schema_version": 1,
          "attributes": {
            "auto_create_network": true,
            "billing_account": "01DEF8-8171EB-9649FA",
            "effective_labels": {},
            "folder_id": "753743865905",
            "id": "projects/prj-demo-wrkld-iam-949",
            "labels": {},
            "name": "Demo Workload IAM Project",
            "number": "630342264864",
            "org_id": "",
            "project_id": "prj-demo-wrkld-iam-949",
            "skip_delete": null,
            "terraform_labels": {},
            "timeouts": null
          },
          "sensitive_attributes": [],
          "private": "eyJlMmJmYjczMC1lY2FhLTExZTYtOGY4OC0zNDM2M2JjN2M0YzAiOnsiY3JlYXRlIjo2MDAwMDAwMDAwMDAsImRlbGV0ZSI6NjAwMDAwMDAwMDAwLCJyZWFkIjo2MDAwMDAwMDAwMDAsInVwZGF0ZSI6NjAwMDAwMDAwMDAwfSwic2NoZW1hX3ZlcnNpb24iOiIxIn0=",
          "dependencies": [
            "google_folder.developers",
            "random_integer.project_id"
          ]
        }
      ]
    },
    {
      "mode": "managed",
      "type": "google_project_service",
      "name": "enable_project_apis",
      "provider": "provider[\"registry.terraform.io/hashicorp/google\"]",
      "instances": [
        {
          "index_key": "cloudresourcemanager.googleapis.com",
          "schema_version": 0,
          "attributes": {
            "disable_dependent_services": null,
            "disable_on_destroy": false,
            "id": "prj-demo-wrkld-iam-949/cloudresourcemanager.googleapis.com",
            "project": "prj-demo-wrkld-iam-949",
            "service": "cloudresourcemanager.googleapis.com",
            "timeouts": {
              "create": "30m",
              "delete": null,
              "read": null,
              "update": "40m"
            }
          },
          "sensitive_attributes": [],
          "private": "eyJlMmJmYjczMC1lY2FhLTExZTYtOGY4OC0zNDM2M2JjN2M0YzAiOnsiY3JlYXRlIjoxODAwMDAwMDAwMDAwLCJkZWxldGUiOjEyMDAwMDAwMDAwMDAsInJlYWQiOjYwMDAwMDAwMDAwMCwidXBkYXRlIjoyNDAwMDAwMDAwMDAwfX0=",
          "dependencies": [
            "google_folder.developers",
            "google_project.my_project-in-a-folder",
            "random_integer.project_id"
          ]
        },
        {
          "index_key": "iam.googleapis.com",
          "schema_version": 0,
          "attributes": {
            "disable_dependent_services": null,
            "disable_on_destroy": false,
            "id": "prj-demo-wrkld-iam-949/iam.googleapis.com",
            "project": "prj-demo-wrkld-iam-949",
            "service": "iam.googleapis.com",
            "timeouts": {
              "create": "30m",
              "delete": null,
              "read": null,
              "update": "40m"
            }
          },
          "sensitive_attributes": [],
          "private": "eyJlMmJmYjczMC1lY2FhLTExZTYtOGY4OC0zNDM2M2JjN2M0YzAiOnsiY3JlYXRlIjoxODAwMDAwMDAwMDAwLCJkZWxldGUiOjEyMDAwMDAwMDAwMDAsInJlYWQiOjYwMDAwMDAwMDAwMCwidXBkYXRlIjoyNDAwMDAwMDAwMDAwfX0=",
          "dependencies": [
            "google_folder.developers",
            "google_project.my_project-in-a-folder",
            "random_integer.project_id"
          ]
        },
        {
          "index_key": "iamcredentials.googleapis.com",
          "schema_version": 0,
          "attributes": {
            "disable_dependent_services": null,
            "disable_on_destroy": false,
            "id": "prj-demo-wrkld-iam-949/iamcredentials.googleapis.com",
            "project": "prj-demo-wrkld-iam-949",
            "service": "iamcredentials.googleapis.com",
            "timeouts": {
              "create": "30m",
              "delete": null,
              "read": null,
              "update": "40m"
            }
          },
          "sensitive_attributes": [],
          "private": "eyJlMmJmYjczMC1lY2FhLTExZTYtOGY4OC0zNDM2M2JjN2M0YzAiOnsiY3JlYXRlIjoxODAwMDAwMDAwMDAwLCJkZWxldGUiOjEyMDAwMDAwMDAwMDAsInJlYWQiOjYwMDAwMDAwMDAwMCwidXBkYXRlIjoyNDAwMDAwMDAwMDAwfX0=",
          "dependencies": [
            "google_folder.developers",
            "google_project.my_project-in-a-folder",
            "random_integer.project_id"
          ]
        },
        {
          "index_key": "sts.googleapis.com",
          "schema_version": 0,
          "attributes": {
            "disable_dependent_services": null,
            "disable_on_destroy": false,
            "id": "prj-demo-wrkld-iam-949/sts.googleapis.com",
            "project": "prj-demo-wrkld-iam-949",
            "service": "sts.googleapis.com",
            "timeouts": {
              "create": "30m",
              "delete": null,
              "read": null,
              "update": "40m"
            }
          },
          "sensitive_attributes": [],
          "private": "eyJlMmJmYjczMC1lY2FhLTExZTYtOGY4OC0zNDM2M2JjN2M0YzAiOnsiY3JlYXRlIjoxODAwMDAwMDAwMDAwLCJkZWxldGUiOjEyMDAwMDAwMDAwMDAsInJlYWQiOjYwMDAwMDAwMDAwMCwidXBkYXRlIjoyNDAwMDAwMDAwMDAwfX0=",
          "dependencies": [
            "google_folder.developers",
            "google_project.my_project-in-a-folder",
            "random_integer.project_id"
          ]
        }
      ]
    },
    {
      "mode": "managed",
      "type": "random_integer",
      "name": "project_id",
      "provider": "provider[\"registry.terraform.io/hashicorp/random\"]",
      "instances": [
        {
          "schema_version": 0,
          "attributes": {
            "id": "949",
            "keepers": null,
            "max": 1000,
            "min": 1,
            "result": 949,
            "seed": null
          },
          "sensitive_attributes": []
        }
      ]
    }
  ],
  "check_results": null
}
