
Microsoft Visual Studio Solution File, Format Version 12.00
# Visual Studio Version 16
VisualStudioVersion = 25.0.1704.0
MinimumVisualStudioVersion = 10.0.40219.1
Project("{FAE04EC0-301F-11D3-BF4B-00C04F79EFBC}") = "VPNDemoTerraform", "VPNDemoTerraform.csproj", "{BCE5FB7E-AAFF-4004-A34A-95415F25C59F}"
EndProject
Global
	GlobalSection(SolutionConfigurationPlatforms) = preSolution
		Debug|Any CPU = Debug|Any CPU
		Release|Any CPU = Release|Any CPU
	EndGlobalSection
	GlobalSection(ProjectConfigurationPlatforms) = postSolution
		{BCE5FB7E-AAFF-4004-A34A-95415F25C59F}.Debug|Any CPU.ActiveCfg = Debug|Any CPU
		{BCE5FB7E-AAFF-4004-A34A-95415F25C59F}.Debug|Any CPU.Build.0 = Debug|Any CPU
		{BCE5FB7E-AAFF-4004-A34A-95415F25C59F}.Release|Any CPU.ActiveCfg = Release|Any CPU
		{BCE5FB7E-AAFF-4004-A34A-95415F25C59F}.Release|Any CPU.Build.0 = Release|Any CPU
	EndGlobalSection
	GlobalSection(SolutionProperties) = preSolution
		HideSolutionNode = FALSE
	EndGlobalSection
	GlobalSection(ExtensibilityGlobals) = postSolution
		SolutionGuid = {B94AE328-4CBA-407F-88FE-CFFD1010AD7B}
	EndGlobalSection
EndGlobal
